<?xml version="1.0" encoding="utf-8"?>
<Project xmlns="http://schemas.microsoft.com/developer/msbuild/2003">
  <ItemGroup>
    <Filter Include="Generated Files">
      <UniqueIdentifier>{71ED8ED8-ACB9-4CE9-BBE1-E00B30144E11}</UniqueIdentifier>
      <Extensions>cpp;c;cxx;moc;h;def;odl;idl;res;</Extensions>
    </Filter>
    <Filter Include="Header Files">
      <UniqueIdentifier>{93995380-89BD-4b04-88EB-625FBE52EBFB}</UniqueIdentifier>
      <Extensions>h;hpp;hxx;hm;inl;inc;xsd</Extensions>
    </Filter>
    <Filter Include="Header Files">
      <UniqueIdentifier>{93995380-89BD-4b04-88EB-625FBE52EBFB}</UniqueIdentifier>
      <Extensions>h;hpp;hxx;hm;inl;inc;xsd</Extensions>
    </Filter>
    <Filter Include="Source Files">
      <UniqueIdentifier>{4FC737F1-C7A5-4376-A066-2A32D752A2FF}</UniqueIdentifier>
      <Extensions>cpp;c;cxx;def;odl;idl;hpj;bat;asm;asmx</Extensions>
    </Filter>
    <Filter Include="Source Files">
      <UniqueIdentifier>{4FC737F1-C7A5-4376-A066-2A32D752A2FF}</UniqueIdentifier>
      <Extensions>cpp;c;cxx;def;odl;idl;hpj;bat;asm;asmx</Extensions>
    </Filter>
    <Filter Include="Source Files\Activation Functions">
      <UniqueIdentifier>{6addac00-dbc2-45c9-a278-447728f1211e}</UniqueIdentifier>
    </Filter>
  </ItemGroup>
  <ItemGroup>
    <ClInclude Include="src\Header Files\alltoall.h">
      <Filter>Header Files</Filter>
    </ClInclude>
    <ClInclude Include="src\Header Files\layer.h">
      <Filter>Header Files</Filter>
    </ClInclude>
    <ClInclude Include="src\Header Files\neuralNetwork.h">
      <Filter>Header Files</Filter>
    </ClInclude>
    <ClInclude Include="src\Header Files\perceptron.h">
      <Filter>Header Files</Filter>
    </ClInclude>
    <ClInclude Include="src\Header Files\activationFunction.h">
      <Filter>Header Files</Filter>
    </ClInclude>
    <ClInclude Include="resource.h">
      <Filter>Generated Files</Filter>
    </ClInclude>
    <ClInclude Include="src\Source Files\sigmoid.h">
      <Filter>Source Files\Activation Functions</Filter>
    </ClInclude>
    <ClInclude Include="src\Source Files\improvedSigmoid.h">
      <Filter>Source Files\Activation Functions</Filter>
    </ClInclude>
    <ClInclude Include="src\Source Files\tanh.h">
      <Filter>Source Files\Activation Functions</Filter>
    </ClInclude>
    <ClInclude Include="src\Source Files\ReLU.h">
      <Filter>Source Files\Activation Functions</Filter>
    </ClInclude>
    <ClInclude Include="src\Source Files\gaussian.h">
      <Filter>Source Files\Activation Functions</Filter>
    </ClInclude>
    <ClInclude Include="src\Header Files\test.h">
      <Filter>Header Files</Filter>
    </ClInclude>
  </ItemGroup>
  <ItemGroup>
    <ClCompile Include="src\Source Files\alltoall.cpp">
      <Filter>Source Files</Filter>
    </ClCompile>
    <ClCompile Include="src\Source Files\layer.cpp">
      <Filter>Source Files</Filter>
    </ClCompile>
    <ClCompile Include="src\Source Files\neuralNetwork.cpp">
      <Filter>Source Files</Filter>
    </ClCompile>
    <ClCompile Include="src\Source Files\neuralNetworkGettersAndSetters.cpp">
      <Filter>Source Files</Filter>
    </ClCompile>
    <ClCompile Include="src\Source Files\perceptron.cpp">
      <Filter>Source Files</Filter>
    </ClCompile>
    <ClCompile Include="src\Source Files\activationFunction.cpp">
      <Filter>Source Files</Filter>
    </ClCompile>
    <ClCompile Include="src\Source Files\neuralNetworkLearning.cpp">
      <Filter>Source Files</Filter>
    </ClCompile>
  </ItemGroup>
</Project>