<?xml version="1.0" encoding="utf-8"?>
<Project ToolsVersion="4.0" xmlns="http://schemas.microsoft.com/developer/msbuild/2003">
  <ItemGroup>
    <Filter Include="Source Files">
      <UniqueIdentifier>{4FC737F1-C7A5-4376-A066-2A32D752A2FF}</UniqueIdentifier>
      <Extensions>cpp;c;cc;cxx;def;odl;idl;hpj;bat;asm;asmx</Extensions>
    </Filter>
    <Filter Include="Header Files">
      <UniqueIdentifier>{93995380-89BD-4b04-88EB-625FBE52EBFB}</UniqueIdentifier>
      <Extensions>h;hh;hpp;hxx;hm;inl;inc;ipp;xsd</Extensions>
    </Filter>
    <Filter Include="Resource Files">
      <UniqueIdentifier>{67DA6AB6-F800-4c08-8B7A-83BB121AAD01}</UniqueIdentifier>
      <Extensions>rc;ico;cur;bmp;dlg;rc2;rct;bin;rgs;gif;jpg;jpeg;jpe;resx;tiff;tif;png;wav;mfcribbon-ms</Extensions>
    </Filter>
  </ItemGroup>
  <ItemGroup>
    <ClCompile Include="..\..\..\..\..\StraightforwardNeuralNetwork\src\neuralNetwork\neuralNetwork.cpp">
      <Filter>Source Files</Filter>
    </ClCompile>
    <ClCompile Include="..\..\..\..\..\StraightforwardNeuralNetwork\src\neuralNetwork\neuralNetworkGettersAndSetters.cpp">
      <Filter>Source Files</Filter>
    </ClCompile>
    <ClCompile Include="..\..\..\..\..\StraightforwardNeuralNetwork\src\neuralNetwork\neuralNetworkLearning.cpp">
      <Filter>Source Files</Filter>
    </ClCompile>
    <ClCompile Include="..\..\..\..\..\StraightforwardNeuralNetwork\src\neuralNetwork\statisticAnalysis.cpp">
      <Filter>Source Files</Filter>
    </ClCompile>
    <ClCompile Include="..\..\..\..\..\StraightforwardNeuralNetwork\src\neuralNetwork\layer\alltoall.cpp">
      <Filter>Source Files</Filter>
    </ClCompile>
    <ClCompile Include="..\..\..\..\..\StraightforwardNeuralNetwork\src\neuralNetwork\layer\layer.cpp">
      <Filter>Source Files</Filter>
    </ClCompile>
    <ClCompile Include="..\..\..\..\..\StraightforwardNeuralNetwork\src\neuralNetwork\layer\perceptron\perceptron.cpp">
      <Filter>Source Files</Filter>
    </ClCompile>
    <ClCompile Include="..\..\..\..\..\StraightforwardNeuralNetwork\src\neuralNetwork\layer\perceptron\activationFunction\activationFunction.cpp">
      <Filter>Source Files</Filter>
    </ClCompile>
    <ClCompile Include="..\..\..\..\..\StraightforwardNeuralNetwork\src\data\StraightforwardData.cpp">
      <Filter>Source Files</Filter>
    </ClCompile>
    <ClCompile Include="..\..\..\..\..\StraightforwardNeuralNetwork\src\data\Data.cpp">
      <Filter>Source Files</Filter>
    </ClCompile>
    <ClCompile Include="..\..\..\..\..\StraightforwardNeuralNetwork\src\data\DataForClassification.cpp">
      <Filter>Source Files</Filter>
    </ClCompile>
    <ClCompile Include="..\..\..\..\..\StraightforwardNeuralNetwork\src\data\DataForRegression.cpp">
      <Filter>Source Files</Filter>
    </ClCompile>
    <ClCompile Include="..\..\..\..\..\StraightforwardNeuralNetwork\src\neuralNetwork\StraightforwardNeuralNetwork.cpp">
      <Filter>Source Files</Filter>
    </ClCompile>
  </ItemGroup>
  <ItemGroup>
    <ClInclude Include="..\..\..\..\..\StraightforwardNeuralNetwork\src\neuralNetwork\neuralNetwork.h">
      <Filter>Header Files</Filter>
    </ClInclude>
    <ClInclude Include="..\..\..\..\..\StraightforwardNeuralNetwork\src\neuralNetwork\statisticAnalysis.h">
      <Filter>Header Files</Filter>
    </ClInclude>
    <ClInclude Include="..\..\..\..\..\StraightforwardNeuralNetwork\src\neuralNetwork\layer\alltoall.h">
      <Filter>Header Files</Filter>
    </ClInclude>
    <ClInclude Include="..\..\..\..\..\StraightforwardNeuralNetwork\src\neuralNetwork\layer\layer.h">
      <Filter>Header Files</Filter>
    </ClInclude>
    <ClInclude Include="..\..\..\..\..\StraightforwardNeuralNetwork\src\neuralNetwork\layer\perceptron\perceptron.h">
      <Filter>Header Files</Filter>
    </ClInclude>
    <ClInclude Include="..\..\..\..\..\StraightforwardNeuralNetwork\src\neuralNetwork\layer\perceptron\activationFunction\activationFunction.h">
      <Filter>Header Files</Filter>
    </ClInclude>
    <ClInclude Include="..\..\..\..\..\StraightforwardNeuralNetwork\src\neuralNetwork\layer\perceptron\activationFunction\gaussian.h">
      <Filter>Header Files</Filter>
    </ClInclude>
    <ClInclude Include="..\..\..\..\..\StraightforwardNeuralNetwork\src\neuralNetwork\layer\perceptron\activationFunction\improvedSigmoid.h">
      <Filter>Header Files</Filter>
    </ClInclude>
    <ClInclude Include="..\..\..\..\..\StraightforwardNeuralNetwork\src\neuralNetwork\layer\perceptron\activationFunction\ReLU.h">
      <Filter>Header Files</Filter>
    </ClInclude>
    <ClInclude Include="..\..\..\..\..\StraightforwardNeuralNetwork\src\neuralNetwork\layer\perceptron\activationFunction\sigmoid.h">
      <Filter>Header Files</Filter>
    </ClInclude>
    <ClInclude Include="..\..\..\..\..\StraightforwardNeuralNetwork\src\neuralNetwork\layer\perceptron\activationFunction\tanh.h">
      <Filter>Header Files</Filter>
    </ClInclude>
    <ClInclude Include="..\..\..\..\..\StraightforwardNeuralNetwork\src\neuralNetwork\StraightforwardNeuralNetwork.h">
      <Filter>Header Files</Filter>
    </ClInclude>
    <ClInclude Include="..\..\..\..\..\StraightforwardNeuralNetwork\src\data\StraightforwardData.h">
      <Filter>Header Files</Filter>
    </ClInclude>
    <ClInclude Include="..\..\..\..\..\StraightforwardNeuralNetwork\src\data\Data.h">
      <Filter>Header Files</Filter>
    </ClInclude>
    <ClInclude Include="..\..\..\..\..\StraightforwardNeuralNetwork\src\data\DataForClassification.h">
      <Filter>Header Files</Filter>
    </ClInclude>
    <ClInclude Include="..\..\..\..\..\StraightforwardNeuralNetwork\src\data\DataForRegression.h">
      <Filter>Header Files</Filter>
    </ClInclude>
  </ItemGroup>
</Project>