
Microsoft Visual Studio Solution File, Format Version 12.00
# Visual Studio Version 16
VisualStudioVersion = 16.0.28729.10
MinimumVisualStudioVersion = 10.0.40219.1
Project("{8BC9CEB8-8B4A-11D0-8D11-00A0C91BC942}") = "GUI", "..\..\..\Example\GUI\GUI.vcxproj", "{5BCF4C3A-032D-351D-B946-8B941E3721D9}"
	ProjectSection(ProjectDependencies) = postProject
		{8371A056-DF63-3B85-A949-EF315F0BC825} = {8371A056-DF63-3B85-A949-EF315F0BC825}
		{5C090897-9C8B-3A42-A0CC-F7C178DA6734} = {5C090897-9C8B-3A42-A0CC-F7C178DA6734}
	EndProjectSection
EndProject
Project("{2150E333-8FDC-42A3-9474-1A3956D46DE8}") = "tests", "tests", "{150F0F48-D9B5-4E01-A851-ED312367678D}"
EndProject
Project("{8BC9CEB8-8B4A-11D0-8D11-00A0C91BC942}") = "GTestExtended", "..\..\..\..\StraightforwardNeuralNetwork\.vcx\tests\GTestExtended.vcxproj", "{1ED95CC9-50C5-3F05-A0C2-6975BC7A9782}"
EndProject
Project("{8BC9CEB8-8B4A-11D0-8D11-00A0C91BC942}") = "UnitTests.out", "..\..\..\..\StraightforwardNeuralNetwork\.vcx\tests\unit_tests\UnitTests.out.vcxproj", "{1C658CCB-9888-31DD-864B-CCDCA3C45439}"
EndProject
Project("{8BC9CEB8-8B4A-11D0-8D11-00A0C91BC942}") = "DatasetTests.out", "..\..\..\..\StraightforwardNeuralNetwork\.vcx\tests\dataset_tests\DatasetTests.out.vcxproj", "{C16C1912-6627-35CE-B698-30890C7D0453}"
EndProject
Project("{2150E333-8FDC-42A3-9474-1A3956D46DE8}") = "external_library", "external_library", "{138F8674-2CFE-4E73-989B-864E3A08BBB6}"
EndProject
Project("{8BC9CEB8-8B4A-11D0-8D11-00A0C91BC942}") = "Boost", "..\..\..\..\StraightforwardNeuralNetwork\.vcx\src\external_library\boost_1_71_0_minimal\libs\serialization\Boost.vcxproj", "{8371A056-DF63-3B85-A949-EF315F0BC825}"
EndProject
Project("{8BC9CEB8-8B4A-11D0-8D11-00A0C91BC942}") = "StraightforwardNeuralNetwork", "..\..\..\..\StraightforwardNeuralNetwork\.vcx\src\StraightforwardNeuralNetwork.vcxproj", "{5C090897-9C8B-3A42-A0CC-F7C178DA6734}"
EndProject
Project("{8BC9CEB8-8B4A-11D0-8D11-00A0C91BC942}") = "gtest", "..\..\..\..\StraightforwardNeuralNetwork\.vcx\tests\googletest-release-1.10.0\googletest\gtest.vcxproj", "{590C6CF1-BB6F-320C-AD78-2F12E3F21D1F}"
EndProject
Project("{8BC9CEB8-8B4A-11D0-8D11-00A0C91BC942}") = "Data", "..\..\..\Example\Data\Data.vcxproj", "{8838F0CC-89CE-403C-AB4B-5EEDAAF65C90}"
EndProject
Global
	GlobalSection(SolutionConfigurationPlatforms) = preSolution
		Debug|x64 = Debug|x64
		Debug|x86 = Debug|x86
		MinSizeRel|x64 = MinSizeRel|x64
		MinSizeRel|x86 = MinSizeRel|x86
		Release|x64 = Release|x64
		Release|x86 = Release|x86
		RelWithDebInfo|x64 = RelWithDebInfo|x64
		RelWithDebInfo|x86 = RelWithDebInfo|x86
	EndGlobalSection
	GlobalSection(ProjectConfigurationPlatforms) = postSolution
		{5BCF4C3A-032D-351D-B946-8B941E3721D9}.Debug|x64.ActiveCfg = Debug|x64
		{5BCF4C3A-032D-351D-B946-8B941E3721D9}.Debug|x64.Build.0 = Debug|x64
		{5BCF4C3A-032D-351D-B946-8B941E3721D9}.Debug|x86.ActiveCfg = Debug|x64
		{5BCF4C3A-032D-351D-B946-8B941E3721D9}.MinSizeRel|x64.ActiveCfg = Debug|x64
		{5BCF4C3A-032D-351D-B946-8B941E3721D9}.MinSizeRel|x64.Build.0 = Debug|x64
		{5BCF4C3A-032D-351D-B946-8B941E3721D9}.MinSizeRel|x86.ActiveCfg = Release|x64
		{5BCF4C3A-032D-351D-B946-8B941E3721D9}.MinSizeRel|x86.Build.0 = Release|x64
		{5BCF4C3A-032D-351D-B946-8B941E3721D9}.Release|x64.ActiveCfg = Debug|x64
		{5BCF4C3A-032D-351D-B946-8B941E3721D9}.Release|x64.Build.0 = Debug|x64
		{5BCF4C3A-032D-351D-B946-8B941E3721D9}.Release|x86.ActiveCfg = Debug|x64
		{5BCF4C3A-032D-351D-B946-8B941E3721D9}.RelWithDebInfo|x64.ActiveCfg = Debug|x64
		{5BCF4C3A-032D-351D-B946-8B941E3721D9}.RelWithDebInfo|x64.Build.0 = Debug|x64
		{5BCF4C3A-032D-351D-B946-8B941E3721D9}.RelWithDebInfo|x86.ActiveCfg = Release|x64
		{5BCF4C3A-032D-351D-B946-8B941E3721D9}.RelWithDebInfo|x86.Build.0 = Release|x64
		{1ED95CC9-50C5-3F05-A0C2-6975BC7A9782}.Debug|x64.ActiveCfg = Debug|x64
		{1ED95CC9-50C5-3F05-A0C2-6975BC7A9782}.Debug|x64.Build.0 = Debug|x64
		{1ED95CC9-50C5-3F05-A0C2-6975BC7A9782}.Debug|x86.ActiveCfg = Debug|x64
		{1ED95CC9-50C5-3F05-A0C2-6975BC7A9782}.MinSizeRel|x64.ActiveCfg = Debug|x64
		{1ED95CC9-50C5-3F05-A0C2-6975BC7A9782}.MinSizeRel|x64.Build.0 = Debug|x64
		{1ED95CC9-50C5-3F05-A0C2-6975BC7A9782}.MinSizeRel|x86.ActiveCfg = MinSizeRel|x64
		{1ED95CC9-50C5-3F05-A0C2-6975BC7A9782}.Release|x64.ActiveCfg = Debug|x64
		{1ED95CC9-50C5-3F05-A0C2-6975BC7A9782}.Release|x64.Build.0 = Debug|x64
		{1ED95CC9-50C5-3F05-A0C2-6975BC7A9782}.Release|x86.ActiveCfg = Release|x64
		{1ED95CC9-50C5-3F05-A0C2-6975BC7A9782}.RelWithDebInfo|x64.ActiveCfg = Debug|x64
		{1ED95CC9-50C5-3F05-A0C2-6975BC7A9782}.RelWithDebInfo|x64.Build.0 = Debug|x64
		{1ED95CC9-50C5-3F05-A0C2-6975BC7A9782}.RelWithDebInfo|x86.ActiveCfg = RelWithDebInfo|x64
		{1C658CCB-9888-31DD-864B-CCDCA3C45439}.Debug|x64.ActiveCfg = RelWithDebInfo|x64
		{1C658CCB-9888-31DD-864B-CCDCA3C45439}.Debug|x64.Build.0 = RelWithDebInfo|x64
		{1C658CCB-9888-31DD-864B-CCDCA3C45439}.Debug|x86.ActiveCfg = Debug|x64
		{1C658CCB-9888-31DD-864B-CCDCA3C45439}.MinSizeRel|x64.ActiveCfg = RelWithDebInfo|x64
		{1C658CCB-9888-31DD-864B-CCDCA3C45439}.MinSizeRel|x64.Build.0 = RelWithDebInfo|x64
		{1C658CCB-9888-31DD-864B-CCDCA3C45439}.MinSizeRel|x86.ActiveCfg = MinSizeRel|x64
		{1C658CCB-9888-31DD-864B-CCDCA3C45439}.Release|x64.ActiveCfg = RelWithDebInfo|x64
		{1C658CCB-9888-31DD-864B-CCDCA3C45439}.Release|x64.Build.0 = RelWithDebInfo|x64
		{1C658CCB-9888-31DD-864B-CCDCA3C45439}.Release|x86.ActiveCfg = Release|x64
		{1C658CCB-9888-31DD-864B-CCDCA3C45439}.RelWithDebInfo|x64.ActiveCfg = RelWithDebInfo|x64
		{1C658CCB-9888-31DD-864B-CCDCA3C45439}.RelWithDebInfo|x64.Build.0 = RelWithDebInfo|x64
		{1C658CCB-9888-31DD-864B-CCDCA3C45439}.RelWithDebInfo|x86.ActiveCfg = RelWithDebInfo|x64
		{C16C1912-6627-35CE-B698-30890C7D0453}.Debug|x64.ActiveCfg = Debug|x64
		{C16C1912-6627-35CE-B698-30890C7D0453}.Debug|x64.Build.0 = Debug|x64
		{C16C1912-6627-35CE-B698-30890C7D0453}.Debug|x86.ActiveCfg = Debug|x64
		{C16C1912-6627-35CE-B698-30890C7D0453}.MinSizeRel|x64.ActiveCfg = Debug|x64
		{C16C1912-6627-35CE-B698-30890C7D0453}.MinSizeRel|x64.Build.0 = Debug|x64
		{C16C1912-6627-35CE-B698-30890C7D0453}.MinSizeRel|x86.ActiveCfg = MinSizeRel|x64
		{C16C1912-6627-35CE-B698-30890C7D0453}.Release|x64.ActiveCfg = Debug|x64
		{C16C1912-6627-35CE-B698-30890C7D0453}.Release|x64.Build.0 = Debug|x64
		{C16C1912-6627-35CE-B698-30890C7D0453}.Release|x86.ActiveCfg = Release|x64
		{C16C1912-6627-35CE-B698-30890C7D0453}.RelWithDebInfo|x64.ActiveCfg = Debug|x64
		{C16C1912-6627-35CE-B698-30890C7D0453}.RelWithDebInfo|x64.Build.0 = Debug|x64
		{C16C1912-6627-35CE-B698-30890C7D0453}.RelWithDebInfo|x86.ActiveCfg = RelWithDebInfo|x64
		{8371A056-DF63-3B85-A949-EF315F0BC825}.Debug|x64.ActiveCfg = Debug|x64
		{8371A056-DF63-3B85-A949-EF315F0BC825}.Debug|x64.Build.0 = Debug|x64
		{8371A056-DF63-3B85-A949-EF315F0BC825}.Debug|x86.ActiveCfg = Debug|x64
		{8371A056-DF63-3B85-A949-EF315F0BC825}.MinSizeRel|x64.ActiveCfg = Debug|x64
		{8371A056-DF63-3B85-A949-EF315F0BC825}.MinSizeRel|x64.Build.0 = Debug|x64
		{8371A056-DF63-3B85-A949-EF315F0BC825}.MinSizeRel|x86.ActiveCfg = MinSizeRel|x64
		{8371A056-DF63-3B85-A949-EF315F0BC825}.Release|x64.ActiveCfg = Debug|x64
		{8371A056-DF63-3B85-A949-EF315F0BC825}.Release|x64.Build.0 = Debug|x64
		{8371A056-DF63-3B85-A949-EF315F0BC825}.Release|x86.ActiveCfg = Release|x64
		{8371A056-DF63-3B85-A949-EF315F0BC825}.RelWithDebInfo|x64.ActiveCfg = Debug|x64
		{8371A056-DF63-3B85-A949-EF315F0BC825}.RelWithDebInfo|x64.Build.0 = Debug|x64
		{8371A056-DF63-3B85-A949-EF315F0BC825}.RelWithDebInfo|x86.ActiveCfg = RelWithDebInfo|x64
		{5C090897-9C8B-3A42-A0CC-F7C178DA6734}.Debug|x64.ActiveCfg = Debug|x64
		{5C090897-9C8B-3A42-A0CC-F7C178DA6734}.Debug|x64.Build.0 = Debug|x64
		{5C090897-9C8B-3A42-A0CC-F7C178DA6734}.Debug|x86.ActiveCfg = Debug|x64
		{5C090897-9C8B-3A42-A0CC-F7C178DA6734}.MinSizeRel|x64.ActiveCfg = Debug|x64
		{5C090897-9C8B-3A42-A0CC-F7C178DA6734}.MinSizeRel|x64.Build.0 = Debug|x64
		{5C090897-9C8B-3A42-A0CC-F7C178DA6734}.MinSizeRel|x86.ActiveCfg = MinSizeRel|x64
		{5C090897-9C8B-3A42-A0CC-F7C178DA6734}.Release|x64.ActiveCfg = Debug|x64
		{5C090897-9C8B-3A42-A0CC-F7C178DA6734}.Release|x64.Build.0 = Debug|x64
		{5C090897-9C8B-3A42-A0CC-F7C178DA6734}.Release|x86.ActiveCfg = Release|x64
		{5C090897-9C8B-3A42-A0CC-F7C178DA6734}.RelWithDebInfo|x64.ActiveCfg = Debug|x64
		{5C090897-9C8B-3A42-A0CC-F7C178DA6734}.RelWithDebInfo|x64.Build.0 = Debug|x64
		{5C090897-9C8B-3A42-A0CC-F7C178DA6734}.RelWithDebInfo|x86.ActiveCfg = RelWithDebInfo|x64
		{590C6CF1-BB6F-320C-AD78-2F12E3F21D1F}.Debug|x64.ActiveCfg = Debug|x64
		{590C6CF1-BB6F-320C-AD78-2F12E3F21D1F}.Debug|x64.Build.0 = Debug|x64
		{590C6CF1-BB6F-320C-AD78-2F12E3F21D1F}.Debug|x86.ActiveCfg = Debug|x64
		{590C6CF1-BB6F-320C-AD78-2F12E3F21D1F}.MinSizeRel|x64.ActiveCfg = Debug|x64
		{590C6CF1-BB6F-320C-AD78-2F12E3F21D1F}.MinSizeRel|x64.Build.0 = Debug|x64
		{590C6CF1-BB6F-320C-AD78-2F12E3F21D1F}.MinSizeRel|x86.ActiveCfg = MinSizeRel|x64
		{590C6CF1-BB6F-320C-AD78-2F12E3F21D1F}.Release|x64.ActiveCfg = Debug|x64
		{590C6CF1-BB6F-320C-AD78-2F12E3F21D1F}.Release|x64.Build.0 = Debug|x64
		{590C6CF1-BB6F-320C-AD78-2F12E3F21D1F}.Release|x86.ActiveCfg = Release|x64
		{590C6CF1-BB6F-320C-AD78-2F12E3F21D1F}.RelWithDebInfo|x64.ActiveCfg = Debug|x64
		{590C6CF1-BB6F-320C-AD78-2F12E3F21D1F}.RelWithDebInfo|x64.Build.0 = Debug|x64
		{590C6CF1-BB6F-320C-AD78-2F12E3F21D1F}.RelWithDebInfo|x86.ActiveCfg = RelWithDebInfo|x64
		{8838F0CC-89CE-403C-AB4B-5EEDAAF65C90}.Debug|x64.ActiveCfg = Debug|x64
		{8838F0CC-89CE-403C-AB4B-5EEDAAF65C90}.Debug|x64.Build.0 = Debug|x64
		{8838F0CC-89CE-403C-AB4B-5EEDAAF65C90}.Debug|x86.ActiveCfg = Debug|Win32
		{8838F0CC-89CE-403C-AB4B-5EEDAAF65C90}.Debug|x86.Build.0 = Debug|Win32
		{8838F0CC-89CE-403C-AB4B-5EEDAAF65C90}.MinSizeRel|x64.ActiveCfg = Debug|x64
		{8838F0CC-89CE-403C-AB4B-5EEDAAF65C90}.MinSizeRel|x64.Build.0 = Debug|x64
		{8838F0CC-89CE-403C-AB4B-5EEDAAF65C90}.MinSizeRel|x86.ActiveCfg = Release|Win32
		{8838F0CC-89CE-403C-AB4B-5EEDAAF65C90}.MinSizeRel|x86.Build.0 = Release|Win32
		{8838F0CC-89CE-403C-AB4B-5EEDAAF65C90}.Release|x64.ActiveCfg = Debug|x64
		{8838F0CC-89CE-403C-AB4B-5EEDAAF65C90}.Release|x64.Build.0 = Debug|x64
		{8838F0CC-89CE-403C-AB4B-5EEDAAF65C90}.Release|x86.ActiveCfg = Release|Win32
		{8838F0CC-89CE-403C-AB4B-5EEDAAF65C90}.Release|x86.Build.0 = Release|Win32
		{8838F0CC-89CE-403C-AB4B-5EEDAAF65C90}.RelWithDebInfo|x64.ActiveCfg = Debug|x64
		{8838F0CC-89CE-403C-AB4B-5EEDAAF65C90}.RelWithDebInfo|x64.Build.0 = Debug|x64
		{8838F0CC-89CE-403C-AB4B-5EEDAAF65C90}.RelWithDebInfo|x86.ActiveCfg = Release|Win32
		{8838F0CC-89CE-403C-AB4B-5EEDAAF65C90}.RelWithDebInfo|x86.Build.0 = Release|Win32
	EndGlobalSection
	GlobalSection(SolutionProperties) = preSolution
		HideSolutionNode = FALSE
	EndGlobalSection
	GlobalSection(NestedProjects) = preSolution
		{1ED95CC9-50C5-3F05-A0C2-6975BC7A9782} = {150F0F48-D9B5-4E01-A851-ED312367678D}
		{1C658CCB-9888-31DD-864B-CCDCA3C45439} = {150F0F48-D9B5-4E01-A851-ED312367678D}
		{C16C1912-6627-35CE-B698-30890C7D0453} = {150F0F48-D9B5-4E01-A851-ED312367678D}
		{8371A056-DF63-3B85-A949-EF315F0BC825} = {138F8674-2CFE-4E73-989B-864E3A08BBB6}
		{590C6CF1-BB6F-320C-AD78-2F12E3F21D1F} = {150F0F48-D9B5-4E01-A851-ED312367678D}
	EndGlobalSection
	GlobalSection(ExtensibilityGlobals) = postSolution
		SolutionGuid = {ACAE48EA-C349-45F2-BC2A-6C0BDE6239CC}
	EndGlobalSection
EndGlobal
