<?xml version="1.0" encoding="utf-8"?>
<Project ToolsVersion="4.0" xmlns="http://schemas.microsoft.com/developer/msbuild/2003">
  <ItemGroup>
    <Filter Include="Header Files">
      <UniqueIdentifier>{93995380-89BD-4b04-88EB-625FBE52EBFB}</UniqueIdentifier>
      <Extensions>h;hh;hpp;hxx;hm;inl;inc;ipp;xsd</Extensions>
    </Filter>
    <Filter Include="Source Files">
      <UniqueIdentifier>{67DA6AB6-F800-4c08-8B7A-83BB121AAD01}</UniqueIdentifier>
      <Extensions>rc;ico;cur;bmp;dlg;rc2;rct;bin;rgs;gif;jpg;jpeg;jpe;resx;tiff;tif;png;wav;mfcribbon-ms</Extensions>
    </Filter>
  </ItemGroup>
  <ItemGroup>
    <ClCompile Include="src\Source FIles\MNIST.cpp">
      <Filter>Source Files</Filter>
    </ClCompile>
    <ClCompile Include="src\Source Files\Iris.cpp">
      <Filter>Source Files</Filter>
    </ClCompile>
    <ClCompile Include="src\Source Files\CurrencyRatesEurToUsd.cpp">
      <Filter>Source Files</Filter>
    </ClCompile>
    <ClCompile Include="src\Source Files\Wine.cpp">
      <Filter>Source Files</Filter>
    </ClCompile>
    <ClCompile Include="src\Source FIles\CIFAR_10.cpp">
      <Filter>Source Files</Filter>
    </ClCompile>
    <ClCompile Include="src\Source FIles\DataSet.cpp">
      <Filter>Source Files</Filter>
    </ClCompile>
  </ItemGroup>
  <ItemGroup>
    <ClInclude Include="src\Header Files\MNIST.h">
      <Filter>Header Files</Filter>
    </ClInclude>
    <ClInclude Include="src\Header Files\Iris.h">
      <Filter>Header Files</Filter>
    </ClInclude>
    <ClInclude Include="src\Header Files\CurrencyRatesEurToUsd.h">
      <Filter>Header Files</Filter>
    </ClInclude>
    <ClInclude Include="src\Header Files\Wine.h">
      <Filter>Header Files</Filter>
    </ClInclude>
    <ClInclude Include="src\Header Files\CIFAR_10.h">
      <Filter>Header Files</Filter>
    </ClInclude>
    <ClInclude Include="DataException.h">
      <Filter>Header Files</Filter>
    </ClInclude>
    <ClInclude Include="src\Header Files\DataSet.h">
      <Filter>Header Files</Filter>
    </ClInclude>
  </ItemGroup>
</Project>